
Microsoft Visual Studio Solution File, Format Version 12.00
# Visual Studio 2012
Project("{FAE04EC0-301F-11D3-BF4B-00C04F79EFBC}") = "ConsoleApplication1", "ConsoleApplication1\ConsoleApplication1.csproj", "{C9867BCE-5A3D-4B58-AD23-9D27D0820032}"
EndProject
Project("{FAE04EC0-301F-11D3-BF4B-00C04F79EFBC}") = "Tests", "Tests\Tests.csproj", "{0DDA71D3-1C8B-4CAC-940C-0D6165488212}"
EndProject
Project("{FAE04EC0-301F-11D3-BF4B-00C04F79EFBC}") = "Shared", "Shared\Shared.csproj", "{A69D2FA5-2E08-45CB-A321-9694ECE59C13}"
EndProject
Project("{2150E333-8FDC-42A3-9474-1A3956D46DE8}") = ".nuget", ".nuget", "{016ECCBF-5D2D-4ED7-8521-6D4551388079}"
	ProjectSection(SolutionItems) = preProject
		.nuget\packages.config = .nuget\packages.config
	EndProjectSection
EndProject
Project("{FAE04EC0-301F-11D3-BF4B-00C04F79EFBC}") = "MvcApplication1", "MvcApplication1\MvcApplication1.csproj", "{3864DD64-7E18-4964-93E8-1049513AF757}"
EndProject
Global
	GlobalSection(SolutionConfigurationPlatforms) = preSolution
		Debug|Any CPU = Debug|Any CPU
		Debug|Mixed Platforms = Debug|Mixed Platforms
		Debug|x86 = Debug|x86
		Release|Any CPU = Release|Any CPU
		Release|Mixed Platforms = Release|Mixed Platforms
		Release|x86 = Release|x86
	EndGlobalSection
	GlobalSection(ProjectConfigurationPlatforms) = postSolution
		{C9867BCE-5A3D-4B58-AD23-9D27D0820032}.Debug|Any CPU.ActiveCfg = Debug|x86
		{C9867BCE-5A3D-4B58-AD23-9D27D0820032}.Debug|Mixed Platforms.ActiveCfg = Debug|x86
		{C9867BCE-5A3D-4B58-AD23-9D27D0820032}.Debug|Mixed Platforms.Build.0 = Debug|x86
		{C9867BCE-5A3D-4B58-AD23-9D27D0820032}.Debug|x86.ActiveCfg = Debug|x86
		{C9867BCE-5A3D-4B58-AD23-9D27D0820032}.Debug|x86.Build.0 = Debug|x86
		{C9867BCE-5A3D-4B58-AD23-9D27D0820032}.Release|Any CPU.ActiveCfg = Release|x86
		{C9867BCE-5A3D-4B58-AD23-9D27D0820032}.Release|Mixed Platforms.ActiveCfg = Release|x86
		{C9867BCE-5A3D-4B58-AD23-9D27D0820032}.Release|Mixed Platforms.Build.0 = Release|x86
		{C9867BCE-5A3D-4B58-AD23-9D27D0820032}.Release|x86.ActiveCfg = Release|x86
		{C9867BCE-5A3D-4B58-AD23-9D27D0820032}.Release|x86.Build.0 = Release|x86
		{0DDA71D3-1C8B-4CAC-940C-0D6165488212}.Debug|Any CPU.ActiveCfg = Debug|Any CPU
		{0DDA71D3-1C8B-4CAC-940C-0D6165488212}.Debug|Any CPU.Build.0 = Debug|Any CPU
		{0DDA71D3-1C8B-4CAC-940C-0D6165488212}.Debug|Mixed Platforms.ActiveCfg = Debug|Any CPU
		{0DDA71D3-1C8B-4CAC-940C-0D6165488212}.Debug|Mixed Platforms.Build.0 = Debug|Any CPU
		{0DDA71D3-1C8B-4CAC-940C-0D6165488212}.Debug|x86.ActiveCfg = Debug|Any CPU
		{0DDA71D3-1C8B-4CAC-940C-0D6165488212}.Release|Any CPU.ActiveCfg = Release|Any CPU
		{0DDA71D3-1C8B-4CAC-940C-0D6165488212}.Release|Any CPU.Build.0 = Release|Any CPU
		{0DDA71D3-1C8B-4CAC-940C-0D6165488212}.Release|Mixed Platforms.ActiveCfg = Release|Any CPU
		{0DDA71D3-1C8B-4CAC-940C-0D6165488212}.Release|Mixed Platforms.Build.0 = Release|Any CPU
		{0DDA71D3-1C8B-4CAC-940C-0D6165488212}.Release|x86.ActiveCfg = Release|Any CPU
		{A69D2FA5-2E08-45CB-A321-9694ECE59C13}.Debug|Any CPU.ActiveCfg = Debug|Any CPU
		{A69D2FA5-2E08-45CB-A321-9694ECE59C13}.Debug|Any CPU.Build.0 = Debug|Any CPU
		{A69D2FA5-2E08-45CB-A321-9694ECE59C13}.Debug|Mixed Platforms.ActiveCfg = Debug|Any CPU
		{A69D2FA5-2E08-45CB-A321-9694ECE59C13}.Debug|Mixed Platforms.Build.0 = Debug|Any CPU
		{A69D2FA5-2E08-45CB-A321-9694ECE59C13}.Debug|x86.ActiveCfg = Debug|Any CPU
		{A69D2FA5-2E08-45CB-A321-9694ECE59C13}.Release|Any CPU.ActiveCfg = Release|Any CPU
		{A69D2FA5-2E08-45CB-A321-9694ECE59C13}.Release|Any CPU.Build.0 = Release|Any CPU
		{A69D2FA5-2E08-45CB-A321-9694ECE59C13}.Release|Mixed Platforms.ActiveCfg = Release|Any CPU
		{A69D2FA5-2E08-45CB-A321-9694ECE59C13}.Release|Mixed Platforms.Build.0 = Release|Any CPU
		{A69D2FA5-2E08-45CB-A321-9694ECE59C13}.Release|x86.ActiveCfg = Release|Any CPU
		{3864DD64-7E18-4964-93E8-1049513AF757}.Debug|Any CPU.ActiveCfg = Debug|Any CPU
		{3864DD64-7E18-4964-93E8-1049513AF757}.Debug|Any CPU.Build.0 = Debug|Any CPU
		{3864DD64-7E18-4964-93E8-1049513AF757}.Debug|Mixed Platforms.ActiveCfg = Debug|Any CPU
		{3864DD64-7E18-4964-93E8-1049513AF757}.Debug|Mixed Platforms.Build.0 = Debug|Any CPU
		{3864DD64-7E18-4964-93E8-1049513AF757}.Debug|x86.ActiveCfg = Debug|Any CPU
		{3864DD64-7E18-4964-93E8-1049513AF757}.Release|Any CPU.ActiveCfg = Release|Any CPU
		{3864DD64-7E18-4964-93E8-1049513AF757}.Release|Any CPU.Build.0 = Release|Any CPU
		{3864DD64-7E18-4964-93E8-1049513AF757}.Release|Mixed Platforms.ActiveCfg = Release|Any CPU
		{3864DD64-7E18-4964-93E8-1049513AF757}.Release|Mixed Platforms.Build.0 = Release|Any CPU
		{3864DD64-7E18-4964-93E8-1049513AF757}.Release|x86.ActiveCfg = Release|Any CPU
	EndGlobalSection
	GlobalSection(SolutionProperties) = preSolution
		HideSolutionNode = FALSE
	EndGlobalSection
EndGlobal
